
Microsoft Visual Studio Solution File, Format Version 12.00
# Visual Studio Version 17
VisualStudioVersion = 17.2.32630.192
MinimumVisualStudioVersion = 10.0.40219.1
Project("{FAE04EC0-301F-11D3-BF4B-00C04F79EFBC}") = "laba1 vote", "laba1 vote.csproj", "{D2C31F66-26C2-44C8-90AA-ECBE7856C1A0}"
EndProject
Global
	GlobalSection(SolutionConfigurationPlatforms) = preSolution
		Debug|Any CPU = Debug|Any CPU
		Release|Any CPU = Release|Any CPU
	EndGlobalSection
	GlobalSection(ProjectConfigurationPlatforms) = postSolution
		{D2C31F66-26C2-44C8-90AA-ECBE7856C1A0}.Debug|Any CPU.ActiveCfg = Debug|Any CPU
		{D2C31F66-26C2-44C8-90AA-ECBE7856C1A0}.Debug|Any CPU.Build.0 = Debug|Any CPU
		{D2C31F66-26C2-44C8-90AA-ECBE7856C1A0}.Release|Any CPU.ActiveCfg = Release|Any CPU
		{D2C31F66-26C2-44C8-90AA-ECBE7856C1A0}.Release|Any CPU.Build.0 = Release|Any CPU
	EndGlobalSection
	GlobalSection(SolutionProperties) = preSolution
		HideSolutionNode = FALSE
	EndGlobalSection
	GlobalSection(ExtensibilityGlobals) = postSolution
		SolutionGuid = {81EAC32B-52CD-4D8E-9BCD-928604261867}
	EndGlobalSection
EndGlobal
